// !$*UTF8*$!
{
	archiveVersion = 1;
	classes = {
	};
	objectVersion = 46;
	objects = {

/* Begin PBXBuildFile section */
		DC5413751B98704A008CC92F /* main.m in Sources */ = {isa = PBXBuildFile; fileRef = DC5413741B98704A008CC92F /* main.m */; };
		DC54137E1B98704A008CC92F /* Main.storyboard in Resources */ = {isa = PBXBuildFile; fileRef = DC54137C1B98704A008CC92F /* Main.storyboard */; };
		DC5413801B98704A008CC92F /* Images.xcassets in Resources */ = {isa = PBXBuildFile; fileRef = DC54137F1B98704A008CC92F /* Images.xcassets */; };
		DC5413831B98704A008CC92F /* LaunchScreen.xib in Resources */ = {isa = PBXBuildFile; fileRef = DC5413811B98704A008CC92F /* LaunchScreen.xib */; };
		DC54138F1B98704A008CC92F /* SYTableViewTests.m in Sources */ = {isa = PBXBuildFile; fileRef = DC54138E1B98704A008CC92F /* SYTableViewTests.m */; };
		DC5413A11B987072008CC92F /* AppDelegate.m in Sources */ = {isa = PBXBuildFile; fileRef = DC54139A1B987072008CC92F /* AppDelegate.m */; };
		DC5413AC1B987123008CC92F /* SYSectionEntity.m in Sources */ = {isa = PBXBuildFile; fileRef = DC5413A41B987123008CC92F /* SYSectionEntity.m */; };
		DC5413AD1B987123008CC92F /* SYTableView.m in Sources */ = {isa = PBXBuildFile; fileRef = DC5413A61B987123008CC92F /* SYTableView.m */; };
		DC5413AE1B987123008CC92F /* SYTableViewCell.m in Sources */ = {isa = PBXBuildFile; fileRef = DC5413A81B987123008CC92F /* SYTableViewCell.m */; };
		DC5413AF1B987123008CC92F /* SYTableViewEntity.m in Sources */ = {isa = PBXBuildFile; fileRef = DC5413AA1B987123008CC92F /* SYTableViewEntity.m */; };
		DC5413B21B98748D008CC92F /* RowViewController.m in Sources */ = {isa = PBXBuildFile; fileRef = DC5413B11B98748D008CC92F /* RowViewController.m */; };
		DC5413B51B9874C4008CC92F /* RowView.m in Sources */ = {isa = PBXBuildFile; fileRef = DC5413B41B9874C4008CC92F /* RowView.m */; };
		DC5413B81B9877CA008CC92F /* RowViewModel.m in Sources */ = {isa = PBXBuildFile; fileRef = DC5413B71B9877CA008CC92F /* RowViewModel.m */; };
		DC5413BB1B9878B1008CC92F /* DemoDataManager.m in Sources */ = {isa = PBXBuildFile; fileRef = DC5413BA1B9878B1008CC92F /* DemoDataManager.m */; };
		DCF6481E1B987C410042968C /* DemoViewController.m in Sources */ = {isa = PBXBuildFile; fileRef = DCF6481D1B987C410042968C /* DemoViewController.m */; };
		DCF648211B988BB00042968C /* JiugonggeViewController.m in Sources */ = {isa = PBXBuildFile; fileRef = DCF648201B988BB00042968C /* JiugonggeViewController.m */; };
		DCF648241B988C1C0042968C /* JiugonggeView.m in Sources */ = {isa = PBXBuildFile; fileRef = DCF648231B988C1C0042968C /* JiugonggeView.m */; };
		DCF648271B988EAB0042968C /* JiugonggeModel.m in Sources */ = {isa = PBXBuildFile; fileRef = DCF648261B988EAB0042968C /* JiugonggeModel.m */; };
		DCF6482A1B989EB70042968C /* SectionViewController.m in Sources */ = {isa = PBXBuildFile; fileRef = DCF648291B989EB70042968C /* SectionViewController.m */; };
		DCF6482D1B989F5C0042968C /* TestView.m in Sources */ = {isa = PBXBuildFile; fileRef = DCF6482C1B989F5C0042968C /* TestView.m */; };
		DCF648301B98A2DF0042968C /* DynamicViewController.m in Sources */ = {isa = PBXBuildFile; fileRef = DCF6482F1B98A2DF0042968C /* DynamicViewController.m */; };
/* End PBXBuildFile section */

/* Begin PBXContainerItemProxy section */
		DC5413891B98704A008CC92F /* PBXContainerItemProxy */ = {
			isa = PBXContainerItemProxy;
			containerPortal = DC5413671B98704A008CC92F /* Project object */;
			proxyType = 1;
			remoteGlobalIDString = DC54136E1B98704A008CC92F;
			remoteInfo = SYTableView;
		};
/* End PBXContainerItemProxy section */

/* Begin PBXFileReference section */
		DC54136F1B98704A008CC92F /* SYTableView.app */ = {isa = PBXFileReference; explicitFileType = wrapper.application; includeInIndex = 0; path = SYTableView.app; sourceTree = BUILT_PRODUCTS_DIR; };
		DC5413731B98704A008CC92F /* Info.plist */ = {isa = PBXFileReference; lastKnownFileType = text.plist.xml; path = Info.plist; sourceTree = "<group>"; };
		DC5413741B98704A008CC92F /* main.m */ = {isa = PBXFileReference; lastKnownFileType = sourcecode.c.objc; path = main.m; sourceTree = "<group>"; };
		DC54137D1B98704A008CC92F /* Base */ = {isa = PBXFileReference; lastKnownFileType = file.storyboard; name = Base; path = Base.lproj/Main.storyboard; sourceTree = "<group>"; };
		DC54137F1B98704A008CC92F /* Images.xcassets */ = {isa = PBXFileReference; lastKnownFileType = folder.assetcatalog; path = Images.xcassets; sourceTree = "<group>"; };
		DC5413821B98704A008CC92F /* Base */ = {isa = PBXFileReference; lastKnownFileType = file.xib; name = Base; path = Base.lproj/LaunchScreen.xib; sourceTree = "<group>"; };
		DC5413881B98704A008CC92F /* SYTableViewTests.xctest */ = {isa = PBXFileReference; explicitFileType = wrapper.cfbundle; includeInIndex = 0; path = SYTableViewTests.xctest; sourceTree = BUILT_PRODUCTS_DIR; };
		DC54138D1B98704A008CC92F /* Info.plist */ = {isa = PBXFileReference; lastKnownFileType = text.plist.xml; path = Info.plist; sourceTree = "<group>"; };
		DC54138E1B98704A008CC92F /* SYTableViewTests.m */ = {isa = PBXFileReference; lastKnownFileType = sourcecode.c.objc; path = SYTableViewTests.m; sourceTree = "<group>"; };
		DC5413991B987072008CC92F /* AppDelegate.h */ = {isa = PBXFileReference; fileEncoding = 4; lastKnownFileType = sourcecode.c.h; path = AppDelegate.h; sourceTree = "<group>"; };
		DC54139A1B987072008CC92F /* AppDelegate.m */ = {isa = PBXFileReference; fileEncoding = 4; lastKnownFileType = sourcecode.c.objc; path = AppDelegate.m; sourceTree = "<group>"; };
		DC5413A31B987123008CC92F /* SYSectionEntity.h */ = {isa = PBXFileReference; fileEncoding = 4; lastKnownFileType = sourcecode.c.h; path = SYSectionEntity.h; sourceTree = "<group>"; };
		DC5413A41B987123008CC92F /* SYSectionEntity.m */ = {isa = PBXFileReference; fileEncoding = 4; lastKnownFileType = sourcecode.c.objc; path = SYSectionEntity.m; sourceTree = "<group>"; };
		DC5413A51B987123008CC92F /* SYTableView.h */ = {isa = PBXFileReference; fileEncoding = 4; lastKnownFileType = sourcecode.c.h; path = SYTableView.h; sourceTree = "<group>"; };
		DC5413A61B987123008CC92F /* SYTableView.m */ = {isa = PBXFileReference; fileEncoding = 4; lastKnownFileType = sourcecode.c.objc; path = SYTableView.m; sourceTree = "<group>"; };
		DC5413A71B987123008CC92F /* SYTableViewCell.h */ = {isa = PBXFileReference; fileEncoding = 4; lastKnownFileType = sourcecode.c.h; path = SYTableViewCell.h; sourceTree = "<group>"; };
		DC5413A81B987123008CC92F /* SYTableViewCell.m */ = {isa = PBXFileReference; fileEncoding = 4; lastKnownFileType = sourcecode.c.objc; path = SYTableViewCell.m; sourceTree = "<group>"; };
		DC5413A91B987123008CC92F /* SYTableViewEntity.h */ = {isa = PBXFileReference; fileEncoding = 4; lastKnownFileType = sourcecode.c.h; path = SYTableViewEntity.h; sourceTree = "<group>"; };
		DC5413AA1B987123008CC92F /* SYTableViewEntity.m */ = {isa = PBXFileReference; fileEncoding = 4; lastKnownFileType = sourcecode.c.objc; path = SYTableViewEntity.m; sourceTree = "<group>"; };
		DC5413AB1B987123008CC92F /* SYTableViewHeader.h */ = {isa = PBXFileReference; fileEncoding = 4; lastKnownFileType = sourcecode.c.h; path = SYTableViewHeader.h; sourceTree = "<group>"; };
		DC5413B01B98748D008CC92F /* RowViewController.h */ = {isa = PBXFileReference; fileEncoding = 4; lastKnownFileType = sourcecode.c.h; path = RowViewController.h; sourceTree = "<group>"; };
		DC5413B11B98748D008CC92F /* RowViewController.m */ = {isa = PBXFileReference; fileEncoding = 4; lastKnownFileType = sourcecode.c.objc; path = RowViewController.m; sourceTree = "<group>"; };
		DC5413B31B9874C3008CC92F /* RowView.h */ = {isa = PBXFileReference; fileEncoding = 4; lastKnownFileType = sourcecode.c.h; path = RowView.h; sourceTree = "<group>"; };
		DC5413B41B9874C4008CC92F /* RowView.m */ = {isa = PBXFileReference; fileEncoding = 4; lastKnownFileType = sourcecode.c.objc; path = RowView.m; sourceTree = "<group>"; };
		DC5413B61B9877CA008CC92F /* RowViewModel.h */ = {isa = PBXFileReference; fileEncoding = 4; lastKnownFileType = sourcecode.c.h; path = RowViewModel.h; sourceTree = "<group>"; };
		DC5413B71B9877CA008CC92F /* RowViewModel.m */ = {isa = PBXFileReference; fileEncoding = 4; lastKnownFileType = sourcecode.c.objc; path = RowViewModel.m; sourceTree = "<group>"; };
		DC5413B91B9878B1008CC92F /* DemoDataManager.h */ = {isa = PBXFileReference; fileEncoding = 4; lastKnownFileType = sourcecode.c.h; path = DemoDataManager.h; sourceTree = "<group>"; };
		DC5413BA1B9878B1008CC92F /* DemoDataManager.m */ = {isa = PBXFileReference; fileEncoding = 4; lastKnownFileType = sourcecode.c.objc; path = DemoDataManager.m; sourceTree = "<group>"; };
		DCF6481C1B987C410042968C /* DemoViewController.h */ = {isa = PBXFileReference; fileEncoding = 4; lastKnownFileType = sourcecode.c.h; path = DemoViewController.h; sourceTree = "<group>"; };
		DCF6481D1B987C410042968C /* DemoViewController.m */ = {isa = PBXFileReference; fileEncoding = 4; lastKnownFileType = sourcecode.c.objc; path = DemoViewController.m; sourceTree = "<group>"; };
		DCF6481F1B988BB00042968C /* JiugonggeViewController.h */ = {isa = PBXFileReference; fileEncoding = 4; lastKnownFileType = sourcecode.c.h; path = JiugonggeViewController.h; sourceTree = "<group>"; };
		DCF648201B988BB00042968C /* JiugonggeViewController.m */ = {isa = PBXFileReference; fileEncoding = 4; lastKnownFileType = sourcecode.c.objc; path = JiugonggeViewController.m; sourceTree = "<group>"; };
		DCF648221B988C1C0042968C /* JiugonggeView.h */ = {isa = PBXFileReference; fileEncoding = 4; lastKnownFileType = sourcecode.c.h; path = JiugonggeView.h; sourceTree = "<group>"; };
		DCF648231B988C1C0042968C /* JiugonggeView.m */ = {isa = PBXFileReference; fileEncoding = 4; lastKnownFileType = sourcecode.c.objc; path = JiugonggeView.m; sourceTree = "<group>"; };
		DCF648251B988EAB0042968C /* JiugonggeModel.h */ = {isa = PBXFileReference; fileEncoding = 4; lastKnownFileType = sourcecode.c.h; path = JiugonggeModel.h; sourceTree = "<group>"; };
		DCF648261B988EAB0042968C /* JiugonggeModel.m */ = {isa = PBXFileReference; fileEncoding = 4; lastKnownFileType = sourcecode.c.objc; path = JiugonggeModel.m; sourceTree = "<group>"; };
		DCF648281B989EB70042968C /* SectionViewController.h */ = {isa = PBXFileReference; fileEncoding = 4; lastKnownFileType = sourcecode.c.h; path = SectionViewController.h; sourceTree = "<group>"; };
		DCF648291B989EB70042968C /* SectionViewController.m */ = {isa = PBXFileReference; fileEncoding = 4; lastKnownFileType = sourcecode.c.objc; path = SectionViewController.m; sourceTree = "<group>"; };
		DCF6482B1B989F5C0042968C /* TestView.h */ = {isa = PBXFileReference; fileEncoding = 4; lastKnownFileType = sourcecode.c.h; path = TestView.h; sourceTree = "<group>"; };
		DCF6482C1B989F5C0042968C /* TestView.m */ = {isa = PBXFileReference; fileEncoding = 4; lastKnownFileType = sourcecode.c.objc; path = TestView.m; sourceTree = "<group>"; };
		DCF6482E1B98A2DF0042968C /* DynamicViewController.h */ = {isa = PBXFileReference; fileEncoding = 4; lastKnownFileType = sourcecode.c.h; path = DynamicViewController.h; sourceTree = "<group>"; };
		DCF6482F1B98A2DF0042968C /* DynamicViewController.m */ = {isa = PBXFileReference; fileEncoding = 4; lastKnownFileType = sourcecode.c.objc; path = DynamicViewController.m; sourceTree = "<group>"; };
/* End PBXFileReference section */

/* Begin PBXFrameworksBuildPhase section */
		DC54136C1B98704A008CC92F /* Frameworks */ = {
			isa = PBXFrameworksBuildPhase;
			buildActionMask = 2147483647;
			files = (
			);
			runOnlyForDeploymentPostprocessing = 0;
		};
		DC5413851B98704A008CC92F /* Frameworks */ = {
			isa = PBXFrameworksBuildPhase;
			buildActionMask = 2147483647;
			files = (
			);
			runOnlyForDeploymentPostprocessing = 0;
		};
/* End PBXFrameworksBuildPhase section */

/* Begin PBXGroup section */
		DC5413661B98704A008CC92F = {
			isa = PBXGroup;
			children = (
				DC5413711B98704A008CC92F /* SYTableView */,
				DC54138B1B98704A008CC92F /* SYTableViewTests */,
				DC5413701B98704A008CC92F /* Products */,
			);
			sourceTree = "<group>";
		};
		DC5413701B98704A008CC92F /* Products */ = {
			isa = PBXGroup;
			children = (
				DC54136F1B98704A008CC92F /* SYTableView.app */,
				DC5413881B98704A008CC92F /* SYTableViewTests.xctest */,
			);
			name = Products;
			sourceTree = "<group>";
		};
		DC5413711B98704A008CC92F /* SYTableView */ = {
			isa = PBXGroup;
			children = (
				DC5413A21B987123008CC92F /* SYTableView */,
				DC5413981B987072008CC92F /* AppDelegate */,
				DC54139B1B987072008CC92F /* UI */,
				DC54137C1B98704A008CC92F /* Main.storyboard */,
				DC54137F1B98704A008CC92F /* Images.xcassets */,
				DC5413811B98704A008CC92F /* LaunchScreen.xib */,
				DC5413721B98704A008CC92F /* Supporting Files */,
			);
			path = SYTableView;
			sourceTree = "<group>";
		};
		DC5413721B98704A008CC92F /* Supporting Files */ = {
			isa = PBXGroup;
			children = (
				DC5413731B98704A008CC92F /* Info.plist */,
				DC5413741B98704A008CC92F /* main.m */,
			);
			name = "Supporting Files";
			sourceTree = "<group>";
		};
		DC54138B1B98704A008CC92F /* SYTableViewTests */ = {
			isa = PBXGroup;
			children = (
				DC54138E1B98704A008CC92F /* SYTableViewTests.m */,
				DC54138C1B98704A008CC92F /* Supporting Files */,
			);
			path = SYTableViewTests;
			sourceTree = "<group>";
		};
		DC54138C1B98704A008CC92F /* Supporting Files */ = {
			isa = PBXGroup;
			children = (
				DC54138D1B98704A008CC92F /* Info.plist */,
			);
			name = "Supporting Files";
			sourceTree = "<group>";
		};
		DC5413981B987072008CC92F /* AppDelegate */ = {
			isa = PBXGroup;
			children = (
				DC5413991B987072008CC92F /* AppDelegate.h */,
				DC54139A1B987072008CC92F /* AppDelegate.m */,
			);
			path = AppDelegate;
			sourceTree = "<group>";
		};
		DC54139B1B987072008CC92F /* UI */ = {
			isa = PBXGroup;
			children = (
				DC54139C1B987072008CC92F /* Demo */,
			);
			path = UI;
			sourceTree = "<group>";
		};
		DC54139C1B987072008CC92F /* Demo */ = {
			isa = PBXGroup;
			children = (
				DC54139D1B987072008CC92F /* DataManager */,
				DC54139E1B987072008CC92F /* Model */,
				DC54139F1B987072008CC92F /* View */,
				DC5413A01B987072008CC92F /* ViewController */,
			);
			path = Demo;
			sourceTree = "<group>";
		};
		DC54139D1B987072008CC92F /* DataManager */ = {
			isa = PBXGroup;
			children = (
				DC5413B91B9878B1008CC92F /* DemoDataManager.h */,
				DC5413BA1B9878B1008CC92F /* DemoDataManager.m */,
			);
			path = DataManager;
			sourceTree = "<group>";
		};
		DC54139E1B987072008CC92F /* Model */ = {
			isa = PBXGroup;
			children = (
				DC5413B61B9877CA008CC92F /* RowViewModel.h */,
				DC5413B71B9877CA008CC92F /* RowViewModel.m */,
				DCF648251B988EAB0042968C /* JiugonggeModel.h */,
				DCF648261B988EAB0042968C /* JiugonggeModel.m */,
			);
			path = Model;
			sourceTree = "<group>";
		};
		DC54139F1B987072008CC92F /* View */ = {
			isa = PBXGroup;
			children = (
				DC5413B31B9874C3008CC92F /* RowView.h */,
				DC5413B41B9874C4008CC92F /* RowView.m */,
				DCF648221B988C1C0042968C /* JiugonggeView.h */,
				DCF648231B988C1C0042968C /* JiugonggeView.m */,
				DCF6482B1B989F5C0042968C /* TestView.h */,
				DCF6482C1B989F5C0042968C /* TestView.m */,
			);
			path = View;
			sourceTree = "<group>";
		};
		DC5413A01B987072008CC92F /* ViewController */ = {
			isa = PBXGroup;
			children = (
				DCF6481C1B987C410042968C /* DemoViewController.h */,
				DCF6481D1B987C410042968C /* DemoViewController.m */,
				DC5413B01B98748D008CC92F /* RowViewController.h */,
				DC5413B11B98748D008CC92F /* RowViewController.m */,
				DCF6481F1B988BB00042968C /* JiugonggeViewController.h */,
				DCF648201B988BB00042968C /* JiugonggeViewController.m */,
				DCF648281B989EB70042968C /* SectionViewController.h */,
				DCF648291B989EB70042968C /* SectionViewController.m */,
				DCF6482E1B98A2DF0042968C /* DynamicViewController.h */,
				DCF6482F1B98A2DF0042968C /* DynamicViewController.m */,
			);
			path = ViewController;
			sourceTree = "<group>";
		};
		DC5413A21B987123008CC92F /* SYTableView */ = {
			isa = PBXGroup;
			children = (
				DC5413A31B987123008CC92F /* SYSectionEntity.h */,
				DC5413A41B987123008CC92F /* SYSectionEntity.m */,
				DC5413A51B987123008CC92F /* SYTableView.h */,
				DC5413A61B987123008CC92F /* SYTableView.m */,
				DC5413A71B987123008CC92F /* SYTableViewCell.h */,
				DC5413A81B987123008CC92F /* SYTableViewCell.m */,
				DC5413A91B987123008CC92F /* SYTableViewEntity.h */,
				DC5413AA1B987123008CC92F /* SYTableViewEntity.m */,
				DC5413AB1B987123008CC92F /* SYTableViewHeader.h */,
			);
			path = SYTableView;
			sourceTree = "<group>";
		};
/* End PBXGroup section */

/* Begin PBXNativeTarget section */
		DC54136E1B98704A008CC92F /* SYTableView */ = {
			isa = PBXNativeTarget;
			buildConfigurationList = DC5413921B98704A008CC92F /* Build configuration list for PBXNativeTarget "SYTableView" */;
			buildPhases = (
				DC54136B1B98704A008CC92F /* Sources */,
				DC54136C1B98704A008CC92F /* Frameworks */,
				DC54136D1B98704A008CC92F /* Resources */,
			);
			buildRules = (
			);
			dependencies = (
			);
			name = SYTableView;
			productName = SYTableView;
			productReference = DC54136F1B98704A008CC92F /* SYTableView.app */;
			productType = "com.apple.product-type.application";
		};
		DC5413871B98704A008CC92F /* SYTableViewTests */ = {
			isa = PBXNativeTarget;
			buildConfigurationList = DC5413951B98704A008CC92F /* Build configuration list for PBXNativeTarget "SYTableViewTests" */;
			buildPhases = (
				DC5413841B98704A008CC92F /* Sources */,
				DC5413851B98704A008CC92F /* Frameworks */,
				DC5413861B98704A008CC92F /* Resources */,
			);
			buildRules = (
			);
			dependencies = (
				DC54138A1B98704A008CC92F /* PBXTargetDependency */,
			);
			name = SYTableViewTests;
			productName = SYTableViewTests;
			productReference = DC5413881B98704A008CC92F /* SYTableViewTests.xctest */;
			productType = "com.apple.product-type.bundle.unit-test";
		};
/* End PBXNativeTarget section */

/* Begin PBXProject section */
		DC5413671B98704A008CC92F /* Project object */ = {
			isa = PBXProject;
			attributes = {
				LastUpgradeCheck = 0630;
				ORGANIZATIONNAME = shiyuan;
				TargetAttributes = {
					DC54136E1B98704A008CC92F = {
						CreatedOnToolsVersion = 6.3.2;
					};
					DC5413871B98704A008CC92F = {
						CreatedOnToolsVersion = 6.3.2;
						TestTargetID = DC54136E1B98704A008CC92F;
					};
				};
			};
			buildConfigurationList = DC54136A1B98704A008CC92F /* Build configuration list for PBXProject "SYTableView" */;
			compatibilityVersion = "Xcode 3.2";
			developmentRegion = English;
			hasScannedForEncodings = 0;
			knownRegions = (
				en,
				Base,
			);
			mainGroup = DC5413661B98704A008CC92F;
			productRefGroup = DC5413701B98704A008CC92F /* Products */;
			projectDirPath = "";
			projectRoot = "";
			targets = (
				DC54136E1B98704A008CC92F /* SYTableView */,
				DC5413871B98704A008CC92F /* SYTableViewTests */,
			);
		};
/* End PBXProject section */

/* Begin PBXResourcesBuildPhase section */
		DC54136D1B98704A008CC92F /* Resources */ = {
			isa = PBXResourcesBuildPhase;
			buildActionMask = 2147483647;
			files = (
				DC54137E1B98704A008CC92F /* Main.storyboard in Resources */,
				DC5413831B98704A008CC92F /* LaunchScreen.xib in Resources */,
				DC5413801B98704A008CC92F /* Images.xcassets in Resources */,
			);
			runOnlyForDeploymentPostprocessing = 0;
		};
		DC5413861B98704A008CC92F /* Resources */ = {
			isa = PBXResourcesBuildPhase;
			buildActionMask = 2147483647;
			files = (
			);
			runOnlyForDeploymentPostprocessing = 0;
		};
/* End PBXResourcesBuildPhase section */

/* Begin PBXSourcesBuildPhase section */
		DC54136B1B98704A008CC92F /* Sources */ = {
			isa = PBXSourcesBuildPhase;
			buildActionMask = 2147483647;
			files = (
				DCF6482D1B989F5C0042968C /* TestView.m in Sources */,
				DCF6481E1B987C410042968C /* DemoViewController.m in Sources */,
				DC5413AF1B987123008CC92F /* SYTableViewEntity.m in Sources */,
				DCF648241B988C1C0042968C /* JiugonggeView.m in Sources */,
				DCF648211B988BB00042968C /* JiugonggeViewController.m in Sources */,
				DCF6482A1B989EB70042968C /* SectionViewController.m in Sources */,
				DCF648301B98A2DF0042968C /* DynamicViewController.m in Sources */,
				DC5413AC1B987123008CC92F /* SYSectionEntity.m in Sources */,
				DC5413AE1B987123008CC92F /* SYTableViewCell.m in Sources */,
				DC5413B21B98748D008CC92F /* RowViewController.m in Sources */,
				DC5413A11B987072008CC92F /* AppDelegate.m in Sources */,
				DC5413751B98704A008CC92F /* main.m in Sources */,
				DC5413BB1B9878B1008CC92F /* DemoDataManager.m in Sources */,
				DC5413AD1B987123008CC92F /* SYTableView.m in Sources */,
				DC5413B51B9874C4008CC92F /* RowView.m in Sources */,
				DC5413B81B9877CA008CC92F /* RowViewModel.m in Sources */,
				DCF648271B988EAB0042968C /* JiugonggeModel.m in Sources */,
			);
			runOnlyForDeploymentPostprocessing = 0;
		};
		DC5413841B98704A008CC92F /* Sources */ = {
			isa = PBXSourcesBuildPhase;
			buildActionMask = 2147483647;
			files = (
				DC54138F1B98704A008CC92F /* SYTableViewTests.m in Sources */,
			);
			runOnlyForDeploymentPostprocessing = 0;
		};
/* End PBXSourcesBuildPhase section */

/* Begin PBXTargetDependency section */
		DC54138A1B98704A008CC92F /* PBXTargetDependency */ = {
			isa = PBXTargetDependency;
			target = DC54136E1B98704A008CC92F /* SYTableView */;
			targetProxy = DC5413891B98704A008CC92F /* PBXContainerItemProxy */;
		};
/* End PBXTargetDependency section */

/* Begin PBXVariantGroup section */
		DC54137C1B98704A008CC92F /* Main.storyboard */ = {
			isa = PBXVariantGroup;
			children = (
				DC54137D1B98704A008CC92F /* Base */,
			);
			name = Main.storyboard;
			sourceTree = "<group>";
		};
		DC5413811B98704A008CC92F /* LaunchScreen.xib */ = {
			isa = PBXVariantGroup;
			children = (
				DC5413821B98704A008CC92F /* Base */,
			);
			name = LaunchScreen.xib;
			sourceTree = "<group>";
		};
/* End PBXVariantGroup section */

/* Begin XCBuildConfiguration section */
		DC5413901B98704A008CC92F /* Debug */ = {
			isa = XCBuildConfiguration;
			buildSettings = {
				ALWAYS_SEARCH_USER_PATHS = NO;
				CLANG_CXX_LANGUAGE_STANDARD = "gnu++0x";
				CLANG_CXX_LIBRARY = "libc++";
				CLANG_ENABLE_MODULES = YES;
				CLANG_ENABLE_OBJC_ARC = YES;
				CLANG_WARN_BOOL_CONVERSION = YES;
				CLANG_WARN_CONSTANT_CONVERSION = YES;
				CLANG_WARN_DIRECT_OBJC_ISA_USAGE = YES_ERROR;
				CLANG_WARN_EMPTY_BODY = YES;
				CLANG_WARN_ENUM_CONVERSION = YES;
				CLANG_WARN_INT_CONVERSION = YES;
				CLANG_WARN_OBJC_ROOT_CLASS = YES_ERROR;
				CLANG_WARN_UNREACHABLE_CODE = YES;
				CLANG_WARN__DUPLICATE_METHOD_MATCH = YES;
				"CODE_SIGN_IDENTITY[sdk=iphoneos*]" = "iPhone Developer";
				COPY_PHASE_STRIP = NO;
				DEBUG_INFORMATION_FORMAT = "dwarf-with-dsym";
				ENABLE_STRICT_OBJC_MSGSEND = YES;
				GCC_C_LANGUAGE_STANDARD = gnu99;
				GCC_DYNAMIC_NO_PIC = NO;
				GCC_NO_COMMON_BLOCKS = YES;
				GCC_OPTIMIZATION_LEVEL = 0;
				GCC_PREPROCESSOR_DEFINITIONS = (
					"DEBUG=1",
					"$(inherited)",
				);
				GCC_SYMBOLS_PRIVATE_EXTERN = NO;
				GCC_WARN_64_TO_32_BIT_CONVERSION = YES;
				GCC_WARN_ABOUT_RETURN_TYPE = YES_ERROR;
				GCC_WARN_UNDECLARED_SELECTOR = YES;
				GCC_WARN_UNINITIALIZED_AUTOS = YES_AGGRESSIVE;
				GCC_WARN_UNUSED_FUNCTION = YES;
				GCC_WARN_UNUSED_VARIABLE = YES;
				IPHONEOS_DEPLOYMENT_TARGET = 8.3;
				MTL_ENABLE_DEBUG_INFO = YES;
				ONLY_ACTIVE_ARCH = YES;
				SDKROOT = iphoneos;
			};
			name = Debug;
		};
		DC5413911B98704A008CC92F /* Release */ = {
			isa = XCBuildConfiguration;
			buildSettings = {
				ALWAYS_SEARCH_USER_PATHS = NO;
				CLANG_CXX_LANGUAGE_STANDARD = "gnu++0x";
				CLANG_CXX_LIBRARY = "libc++";
				CLANG_ENABLE_MODULES = YES;
				CLANG_ENABLE_OBJC_ARC = YES;
				CLANG_WARN_BOOL_CONVERSION = YES;
				CLANG_WARN_CONSTANT_CONVERSION = YES;
				CLANG_WARN_DIRECT_OBJC_ISA_USAGE = YES_ERROR;
				CLANG_WARN_EMPTY_BODY = YES;
				CLANG_WARN_ENUM_CONVERSION = YES;
				CLANG_WARN_INT_CONVERSION = YES;
				CLANG_WARN_OBJC_ROOT_CLASS = YES_ERROR;
				CLANG_WARN_UNREACHABLE_CODE = YES;
				CLANG_WARN__DUPLICATE_METHOD_MATCH = YES;
				"CODE_SIGN_IDENTITY[sdk=iphoneos*]" = "iPhone Developer";
				COPY_PHASE_STRIP = NO;
				DEBUG_INFORMATION_FORMAT = "dwarf-with-dsym";
				ENABLE_NS_ASSERTIONS = NO;
				ENABLE_STRICT_OBJC_MSGSEND = YES;
				GCC_C_LANGUAGE_STANDARD = gnu99;
				GCC_NO_COMMON_BLOCKS = YES;
				GCC_WARN_64_TO_32_BIT_CONVERSION = YES;
				GCC_WARN_ABOUT_RETURN_TYPE = YES_ERROR;
				GCC_WARN_UNDECLARED_SELECTOR = YES;
				GCC_WARN_UNINITIALIZED_AUTOS = YES_AGGRESSIVE;
				GCC_WARN_UNUSED_FUNCTION = YES;
				GCC_WARN_UNUSED_VARIABLE = YES;
				IPHONEOS_DEPLOYMENT_TARGET = 8.3;
				MTL_ENABLE_DEBUG_INFO = NO;
				SDKROOT = iphoneos;
				VALIDATE_PRODUCT = YES;
			};
			name = Release;
		};
		DC5413931B98704A008CC92F /* Debug */ = {
			isa = XCBuildConfiguration;
			buildSettings = {
				ASSETCATALOG_COMPILER_APPICON_NAME = AppIcon;
				INFOPLIST_FILE = SYTableView/Info.plist;
				LD_RUNPATH_SEARCH_PATHS = "$(inherited) @executable_path/Frameworks";
				PRODUCT_NAME = "$(TARGET_NAME)";
			};
			name = Debug;
		};
		DC5413941B98704A008CC92F /* Release */ = {
			isa = XCBuildConfiguration;
			buildSettings = {
				ASSETCATALOG_COMPILER_APPICON_NAME = AppIcon;
				INFOPLIST_FILE = SYTableView/Info.plist;
				LD_RUNPATH_SEARCH_PATHS = "$(inherited) @executable_path/Frameworks";
				PRODUCT_NAME = "$(TARGET_NAME)";
			};
			name = Release;
		};
		DC5413961B98704A008CC92F /* Debug */ = {
			isa = XCBuildConfiguration;
			buildSettings = {
				BUNDLE_LOADER = "$(TEST_HOST)";
				FRAMEWORK_SEARCH_PATHS = (
					"$(SDKROOT)/Developer/Library/Frameworks",
					"$(inherited)",
				);
				GCC_PREPROCESSOR_DEFINITIONS = (
					"DEBUG=1",
					"$(inherited)",
				);
				INFOPLIST_FILE = SYTableViewTests/Info.plist;
				LD_RUNPATH_SEARCH_PATHS = "$(inherited) @executable_path/Frameworks @loader_path/Frameworks";
				PRODUCT_NAME = "$(TARGET_NAME)";
				TEST_HOST = "$(BUILT_PRODUCTS_DIR)/SYTableView.app/SYTableView";
			};
			name = Debug;
		};
		DC5413971B98704A008CC92F /* Release */ = {
			isa = XCBuildConfiguration;
			buildSettings = {
				BUNDLE_LOADER = "$(TEST_HOST)";
				FRAMEWORK_SEARCH_PATHS = (
					"$(SDKROOT)/Developer/Library/Frameworks",
					"$(inherited)",
				);
				INFOPLIST_FILE = SYTableViewTests/Info.plist;
				LD_RUNPATH_SEARCH_PATHS = "$(inherited) @executable_path/Frameworks @loader_path/Frameworks";
				PRODUCT_NAME = "$(TARGET_NAME)";
				TEST_HOST = "$(BUILT_PRODUCTS_DIR)/SYTableView.app/SYTableView";
			};
			name = Release;
		};
/* End XCBuildConfiguration section */

/* Begin XCConfigurationList section */
		DC54136A1B98704A008CC92F /* Build configuration list for PBXProject "SYTableView" */ = {
			isa = XCConfigurationList;
			buildConfigurations = (
				DC5413901B98704A008CC92F /* Debug */,
				DC5413911B98704A008CC92F /* Release */,
			);
			defaultConfigurationIsVisible = 0;
			defaultConfigurationName = Release;
		};
		DC5413921B98704A008CC92F /* Build configuration list for PBXNativeTarget "SYTableView" */ = {
			isa = XCConfigurationList;
			buildConfigurations = (
				DC5413931B98704A008CC92F /* Debug */,
				DC5413941B98704A008CC92F /* Release */,
			);
			defaultConfigurationIsVisible = 0;
			defaultConfigurationName = Release;
		};
		DC5413951B98704A008CC92F /* Build configuration list for PBXNativeTarget "SYTableViewTests" */ = {
			isa = XCConfigurationList;
			buildConfigurations = (
				DC5413961B98704A008CC92F /* Debug */,
				DC5413971B98704A008CC92F /* Release */,
			);
			defaultConfigurationIsVisible = 0;
			defaultConfigurationName = Release;
		};
/* End XCConfigurationList section */
	};
	rootObject = DC5413671B98704A008CC92F /* Project object */;
}
